
Microsoft Visual Studio Solution File, Format Version 12.00
# Visual Studio Version 17
VisualStudioVersion = 17.9.34701.34
MinimumVisualStudioVersion = 10.0.40219.1
Project("{9A19103F-16F7-4668-BE54-9A1E7A4F7556}") = "Example", "Example\Example.csproj", "{D4BE8385-E6EB-40D5-8D25-220360E3A78D}"
EndProject
Project("{9A19103F-16F7-4668-BE54-9A1E7A4F7556}") = "GraphQl", "GraphQl\GraphQl.csproj", "{A0BB7BBC-1E22-4650-AEFD-EA81822F8BFF}"
EndProject
Project("{9A19103F-16F7-4668-BE54-9A1E7A4F7556}") = "MyApiGateway", "MyApiGateway\MyApiGateway.csproj", "{73FF1754-4CE9-47F8-AC15-D3CB730F9F55}"
EndProject
Project("{FAE04EC0-301F-11D3-BF4B-00C04F79EFBC}") = "GraphQl2", "GraphQl2\GraphQl2.csproj", "{9DB29C24-1B9F-47B3-86DE-0007E066F595}"
EndProject
Project("{2150E333-8FDC-42A3-9474-1A3956D46DE8}") = "MyApp", "MyApp", "{B5C2F6A2-CD38-47E0-840B-6C21093BC217}"
EndProject
Project("{FAE04EC0-301F-11D3-BF4B-00C04F79EFBC}") = "WebApi", "WebApi\WebApi.csproj", "{52E6F91C-FFDF-4F9F-B0F9-EA067442913A}"
EndProject
Global
	GlobalSection(SolutionConfigurationPlatforms) = preSolution
		Debug|Any CPU = Debug|Any CPU
		Release|Any CPU = Release|Any CPU
	EndGlobalSection
	GlobalSection(ProjectConfigurationPlatforms) = postSolution
		{D4BE8385-E6EB-40D5-8D25-220360E3A78D}.Debug|Any CPU.ActiveCfg = Debug|Any CPU
		{D4BE8385-E6EB-40D5-8D25-220360E3A78D}.Debug|Any CPU.Build.0 = Debug|Any CPU
		{D4BE8385-E6EB-40D5-8D25-220360E3A78D}.Release|Any CPU.ActiveCfg = Release|Any CPU
		{D4BE8385-E6EB-40D5-8D25-220360E3A78D}.Release|Any CPU.Build.0 = Release|Any CPU
		{A0BB7BBC-1E22-4650-AEFD-EA81822F8BFF}.Debug|Any CPU.ActiveCfg = Debug|Any CPU
		{A0BB7BBC-1E22-4650-AEFD-EA81822F8BFF}.Debug|Any CPU.Build.0 = Debug|Any CPU
		{A0BB7BBC-1E22-4650-AEFD-EA81822F8BFF}.Release|Any CPU.ActiveCfg = Release|Any CPU
		{A0BB7BBC-1E22-4650-AEFD-EA81822F8BFF}.Release|Any CPU.Build.0 = Release|Any CPU
		{73FF1754-4CE9-47F8-AC15-D3CB730F9F55}.Debug|Any CPU.ActiveCfg = Debug|Any CPU
		{73FF1754-4CE9-47F8-AC15-D3CB730F9F55}.Debug|Any CPU.Build.0 = Debug|Any CPU
		{73FF1754-4CE9-47F8-AC15-D3CB730F9F55}.Release|Any CPU.ActiveCfg = Release|Any CPU
		{73FF1754-4CE9-47F8-AC15-D3CB730F9F55}.Release|Any CPU.Build.0 = Release|Any CPU
		{9DB29C24-1B9F-47B3-86DE-0007E066F595}.Debug|Any CPU.ActiveCfg = Debug|Any CPU
		{9DB29C24-1B9F-47B3-86DE-0007E066F595}.Debug|Any CPU.Build.0 = Debug|Any CPU
		{9DB29C24-1B9F-47B3-86DE-0007E066F595}.Release|Any CPU.ActiveCfg = Release|Any CPU
		{9DB29C24-1B9F-47B3-86DE-0007E066F595}.Release|Any CPU.Build.0 = Release|Any CPU
		{52E6F91C-FFDF-4F9F-B0F9-EA067442913A}.Debug|Any CPU.ActiveCfg = Debug|Any CPU
		{52E6F91C-FFDF-4F9F-B0F9-EA067442913A}.Debug|Any CPU.Build.0 = Debug|Any CPU
		{52E6F91C-FFDF-4F9F-B0F9-EA067442913A}.Release|Any CPU.ActiveCfg = Release|Any CPU
		{52E6F91C-FFDF-4F9F-B0F9-EA067442913A}.Release|Any CPU.Build.0 = Release|Any CPU
	EndGlobalSection
	GlobalSection(SolutionProperties) = preSolution
		HideSolutionNode = FALSE
	EndGlobalSection
	GlobalSection(NestedProjects) = preSolution
		{9DB29C24-1B9F-47B3-86DE-0007E066F595} = {B5C2F6A2-CD38-47E0-840B-6C21093BC217}
		{52E6F91C-FFDF-4F9F-B0F9-EA067442913A} = {B5C2F6A2-CD38-47E0-840B-6C21093BC217}
	EndGlobalSection
	GlobalSection(ExtensibilityGlobals) = postSolution
		SolutionGuid = {17342200-EF8E-4F87-996F-391492224BF7}
	EndGlobalSection
EndGlobal
